
Microsoft Visual Studio Solution File, Format Version 12.00
# Visual Studio Version 17
VisualStudioVersion = 17.0.31912.275
MinimumVisualStudioVersion = 10.0.40219.1
Project("{FAE04EC0-301F-11D3-BF4B-00C04F79EFBC}") = "IDS4Client", "IDS4Client\IDS4Client.csproj", "{74B6E17D-C340-4455-93EC-B8D892EE4119}"
EndProject
Global
	GlobalSection(SolutionConfigurationPlatforms) = preSolution
		Debug|Any CPU = Debug|Any CPU
		Release|Any CPU = Release|Any CPU
	EndGlobalSection
	GlobalSection(ProjectConfigurationPlatforms) = postSolution
		{74B6E17D-C340-4455-93EC-B8D892EE4119}.Debug|Any CPU.ActiveCfg = Debug|Any CPU
		{74B6E17D-C340-4455-93EC-B8D892EE4119}.Debug|Any CPU.Build.0 = Debug|Any CPU
		{74B6E17D-C340-4455-93EC-B8D892EE4119}.Release|Any CPU.ActiveCfg = Release|Any CPU
		{74B6E17D-C340-4455-93EC-B8D892EE4119}.Release|Any CPU.Build.0 = Release|Any CPU
	EndGlobalSection
	GlobalSection(SolutionProperties) = preSolution
		HideSolutionNode = FALSE
	EndGlobalSection
	GlobalSection(ExtensibilityGlobals) = postSolution
		SolutionGuid = {E154633F-009F-4265-9423-00E2B8ADB5BA}
	EndGlobalSection
EndGlobal
